
Microsoft Visual Studio Solution File, Format Version 12.00
# Visual Studio Version 16
VisualStudioVersion = 16.0.29806.167
MinimumVisualStudioVersion = 10.0.40219.1
Project("{9A19103F-16F7-4668-BE54-9A1E7A4F7556}") = "2doParcial_Aplicada", "2doParcial_Aplicada.csproj", "{C45D9116-375E-4E75-832C-0885B7788582}"
EndProject
Global
	GlobalSection(SolutionConfigurationPlatforms) = preSolution
		Debug|Any CPU = Debug|Any CPU
		Release|Any CPU = Release|Any CPU
	EndGlobalSection
	GlobalSection(ProjectConfigurationPlatforms) = postSolution
		{C45D9116-375E-4E75-832C-0885B7788582}.Debug|Any CPU.ActiveCfg = Debug|Any CPU
		{C45D9116-375E-4E75-832C-0885B7788582}.Debug|Any CPU.Build.0 = Debug|Any CPU
		{C45D9116-375E-4E75-832C-0885B7788582}.Release|Any CPU.ActiveCfg = Release|Any CPU
		{C45D9116-375E-4E75-832C-0885B7788582}.Release|Any CPU.Build.0 = Release|Any CPU
	EndGlobalSection
	GlobalSection(SolutionProperties) = preSolution
		HideSolutionNode = FALSE
	EndGlobalSection
	GlobalSection(ExtensibilityGlobals) = postSolution
		SolutionGuid = {BEF839E2-D648-4A12-B8B5-C8092EAA329F}
	EndGlobalSection
EndGlobal
